
Microsoft Visual Studio Solution File, Format Version 12.00
# Visual Studio Version 16
VisualStudioVersion = 16.0.30907.101
MinimumVisualStudioVersion = 10.0.40219.1
Project("{FAE04EC0-301F-11D3-BF4B-00C04F79EFBC}") = "dz6.02.2021", "dz6.02.2021\dz6.02.2021.csproj", "{C10CAE96-06B1-4DB4-9510-BCAB15423D0A}"
EndProject
Global
	GlobalSection(SolutionConfigurationPlatforms) = preSolution
		Debug|Any CPU = Debug|Any CPU
		Release|Any CPU = Release|Any CPU
	EndGlobalSection
	GlobalSection(ProjectConfigurationPlatforms) = postSolution
		{C10CAE96-06B1-4DB4-9510-BCAB15423D0A}.Debug|Any CPU.ActiveCfg = Debug|Any CPU
		{C10CAE96-06B1-4DB4-9510-BCAB15423D0A}.Debug|Any CPU.Build.0 = Debug|Any CPU
		{C10CAE96-06B1-4DB4-9510-BCAB15423D0A}.Release|Any CPU.ActiveCfg = Release|Any CPU
		{C10CAE96-06B1-4DB4-9510-BCAB15423D0A}.Release|Any CPU.Build.0 = Release|Any CPU
	EndGlobalSection
	GlobalSection(SolutionProperties) = preSolution
		HideSolutionNode = FALSE
	EndGlobalSection
	GlobalSection(ExtensibilityGlobals) = postSolution
		SolutionGuid = {B4F11E55-EF83-46C6-A4DC-90CB2652DD99}
	EndGlobalSection
EndGlobal
